// !$*UTF8*$!
{
	archiveVersion = 1;
	classes = {
	};
	objectVersion = 77;
	objects = {

/* Begin PBXBuildFile section */
		05FAA991A1472BF40CDE5650 /* UsageContractTests.swift in Sources */ = {isa = PBXBuildFile; fileRef = 7FB8541A0C552866932C346F /* UsageContractTests.swift */; };
		161768EE7688BF587E93623E /* UsageStore.swift in Sources */ = {isa = PBXBuildFile; fileRef = 9276ED3F8D8B5C21B74D7BA8 /* UsageStore.swift */; };
		185FE98FA44A4B90F2EE8EC3 /* OpenRouterAuth.swift in Sources */ = {isa = PBXBuildFile; fileRef = CA7A77F08C60E470A287BD31 /* OpenRouterAuth.swift */; };
		3493D48D5AA911364F7FE25D /* deepseek.png in Resources */ = {isa = PBXBuildFile; fileRef = 2C4361B6E33929E4DD88D669 /* deepseek.png */; };
		3549281D77E6F25189060489 /* codex-app.png in Resources */ = {isa = PBXBuildFile; fileRef = B9398C118DB4E4C01EAD2901 /* codex-app.png */; };
		3F742887A1A253E730AFB4F1 /* openrouter.png in Resources */ = {isa = PBXBuildFile; fileRef = EBFB217753FA4BEDF084D65D /* openrouter.png */; };
		45CAB94F2554CF0076FBA899 /* siliconflow.png in Resources */ = {isa = PBXBuildFile; fileRef = 80CEFEB579C3E638B4793BD2 /* siliconflow.png */; };
		572B5B2CDA0DED566F50C665 /* UsageFetcher.swift in Sources */ = {isa = PBXBuildFile; fileRef = 4396386870ACF13B0387F84A /* UsageFetcher.swift */; };
		58617DC6A19B5F6175E33C1B /* ControlCenterView.swift in Sources */ = {isa = PBXBuildFile; fileRef = 238080F2F39302EA1E45C5DF /* ControlCenterView.swift */; };
		5C2371AC688054088F1D331F /* QuotaWidgetApp.swift in Sources */ = {isa = PBXBuildFile; fileRef = 229A0EDB7D709A8D7C4867E8 /* QuotaWidgetApp.swift */; };
		61E8A6DF49FA82433A5822BF /* DSHCredentials.swift in Sources */ = {isa = PBXBuildFile; fileRef = A43230D6E1D3182C7B1A0A4A /* DSHCredentials.swift */; };
		688565133A60319F9F476E56 /* TouchBarSelectionTests.swift in Sources */ = {isa = PBXBuildFile; fileRef = 12716B772FD09656FD18F526 /* TouchBarSelectionTests.swift */; };
		6959909C56418EA81FD3E01D /* TouchBarSelection.swift in Sources */ = {isa = PBXBuildFile; fileRef = 1969488132920951C77965F2 /* TouchBarSelection.swift */; };
		74CD11898B71BE0D3AE73420 /* APIKeyStore.swift in Sources */ = {isa = PBXBuildFile; fileRef = 9CBA43F0FBB592202F55BCEE /* APIKeyStore.swift */; };
		996E6998CA9340194DA5D802 /* AppConfigStore.swift in Sources */ = {isa = PBXBuildFile; fileRef = EBCEE7EF1C06A191DE5C4FAB /* AppConfigStore.swift */; };
		9F05509C9233DEA86E5D2475 /* UsageStoreTests.swift in Sources */ = {isa = PBXBuildFile; fileRef = 10993021F1557349A9B061FA /* UsageStoreTests.swift */; };
		A96F9CD44F0A5026F37907A6 /* DisplayLayerStore.swift in Sources */ = {isa = PBXBuildFile; fileRef = 5B596EF3A6AEF338EC8FE839 /* DisplayLayerStore.swift */; };
		C6DB4BA69495106AAE73446E /* AuthAndCredentialsTests.swift in Sources */ = {isa = PBXBuildFile; fileRef = C4AF10191CE92902693285D9 /* AuthAndCredentialsTests.swift */; };
		D38192171F7B63332CC3F2E0 /* APIKeyStoreTests.swift in Sources */ = {isa = PBXBuildFile; fileRef = 4F785DDA3D5D8D3265881EA5 /* APIKeyStoreTests.swift */; };
		D8111F1E8B4097396AA5D67C /* kimi-code.png in Resources */ = {isa = PBXBuildFile; fileRef = 44223C7F5519A35B5B26725B /* kimi-code.png */; };
		DF42FE2AF1438A232B506A84 /* DisplayLayerStoreTests.swift in Sources */ = {isa = PBXBuildFile; fileRef = 1B67C688DE1CE31949858A8F /* DisplayLayerStoreTests.swift */; };
		E1A9D102642B838CEC5E0AC2 /* UsageContract.swift in Sources */ = {isa = PBXBuildFile; fileRef = 8B5CDF4D8233F9FA6ABA439B /* UsageContract.swift */; };
		E2F72F39CB54A614C7FE4569 /* claude-app.png in Resources */ = {isa = PBXBuildFile; fileRef = 9B050D347C435EF158B6A827 /* claude-app.png */; };
		FA82E2D50AF1100A3871F9A1 /* AccountSettingsView.swift in Sources */ = {isa = PBXBuildFile; fileRef = 809D8D69348687DB661CCEA0 /* AccountSettingsView.swift */; };
/* End PBXBuildFile section */

/* Begin PBXContainerItemProxy section */
		377395E94211AD1DD26ED6C6 /* PBXContainerItemProxy */ = {
			isa = PBXContainerItemProxy;
			containerPortal = E0A403E7AF6C1CE32CD0A6E5 /* Project object */;
			proxyType = 1;
			remoteGlobalIDString = C99AE31F58827A8EE8B9C345;
			remoteInfo = QuotaWidgetApp;
		};
/* End PBXContainerItemProxy section */

/* Begin PBXFileReference section */
		10993021F1557349A9B061FA /* UsageStoreTests.swift */ = {isa = PBXFileReference; lastKnownFileType = sourcecode.swift; path = UsageStoreTests.swift; sourceTree = "<group>"; };
		12716B772FD09656FD18F526 /* TouchBarSelectionTests.swift */ = {isa = PBXFileReference; lastKnownFileType = sourcecode.swift; path = TouchBarSelectionTests.swift; sourceTree = "<group>"; };
		1969488132920951C77965F2 /* TouchBarSelection.swift */ = {isa = PBXFileReference; lastKnownFileType = sourcecode.swift; path = TouchBarSelection.swift; sourceTree = "<group>"; };
		1B67C688DE1CE31949858A8F /* DisplayLayerStoreTests.swift */ = {isa = PBXFileReference; lastKnownFileType = sourcecode.swift; path = DisplayLayerStoreTests.swift; sourceTree = "<group>"; };
		229A0EDB7D709A8D7C4867E8 /* QuotaWidgetApp.swift */ = {isa = PBXFileReference; lastKnownFileType = sourcecode.swift; path = QuotaWidgetApp.swift; sourceTree = "<group>"; };
		238080F2F39302EA1E45C5DF /* ControlCenterView.swift */ = {isa = PBXFileReference; lastKnownFileType = sourcecode.swift; path = ControlCenterView.swift; sourceTree = "<group>"; };
		2C4361B6E33929E4DD88D669 /* deepseek.png */ = {isa = PBXFileReference; lastKnownFileType = image.png; path = deepseek.png; sourceTree = "<group>"; };
		4396386870ACF13B0387F84A /* UsageFetcher.swift */ = {isa = PBXFileReference; lastKnownFileType = sourcecode.swift; path = UsageFetcher.swift; sourceTree = "<group>"; };
		44223C7F5519A35B5B26725B /* kimi-code.png */ = {isa = PBXFileReference; lastKnownFileType = image.png; path = "kimi-code.png"; sourceTree = "<group>"; };
		4F785DDA3D5D8D3265881EA5 /* APIKeyStoreTests.swift */ = {isa = PBXFileReference; lastKnownFileType = sourcecode.swift; path = APIKeyStoreTests.swift; sourceTree = "<group>"; };
		5B596EF3A6AEF338EC8FE839 /* DisplayLayerStore.swift */ = {isa = PBXFileReference; lastKnownFileType = sourcecode.swift; path = DisplayLayerStore.swift; sourceTree = "<group>"; };
		6AC74E158F9E7CF5C7A45A26 /* QuotaWidgetTests.xctest */ = {isa = PBXFileReference; explicitFileType = wrapper.cfbundle; includeInIndex = 0; path = QuotaWidgetTests.xctest; sourceTree = BUILT_PRODUCTS_DIR; };
		7FB8541A0C552866932C346F /* UsageContractTests.swift */ = {isa = PBXFileReference; lastKnownFileType = sourcecode.swift; path = UsageContractTests.swift; sourceTree = "<group>"; };
		809D8D69348687DB661CCEA0 /* AccountSettingsView.swift */ = {isa = PBXFileReference; lastKnownFileType = sourcecode.swift; path = AccountSettingsView.swift; sourceTree = "<group>"; };
		80CEFEB579C3E638B4793BD2 /* siliconflow.png */ = {isa = PBXFileReference; lastKnownFileType = image.png; path = siliconflow.png; sourceTree = "<group>"; };
		84083F78F49E30915AB023A6 /* Info.plist */ = {isa = PBXFileReference; lastKnownFileType = text.plist; path = Info.plist; sourceTree = "<group>"; };
		8B5CDF4D8233F9FA6ABA439B /* UsageContract.swift */ = {isa = PBXFileReference; lastKnownFileType = sourcecode.swift; path = UsageContract.swift; sourceTree = "<group>"; };
		9276ED3F8D8B5C21B74D7BA8 /* UsageStore.swift */ = {isa = PBXFileReference; lastKnownFileType = sourcecode.swift; path = UsageStore.swift; sourceTree = "<group>"; };
		9B050D347C435EF158B6A827 /* claude-app.png */ = {isa = PBXFileReference; lastKnownFileType = image.png; path = "claude-app.png"; sourceTree = "<group>"; };
		9CBA43F0FBB592202F55BCEE /* APIKeyStore.swift */ = {isa = PBXFileReference; lastKnownFileType = sourcecode.swift; path = APIKeyStore.swift; sourceTree = "<group>"; };
		A43230D6E1D3182C7B1A0A4A /* DSHCredentials.swift */ = {isa = PBXFileReference; lastKnownFileType = sourcecode.swift; path = DSHCredentials.swift; sourceTree = "<group>"; };
		B5D60F94C30C7526C27AF788 /* QuotaWidgetApp.entitlements */ = {isa = PBXFileReference; lastKnownFileType = text.plist.entitlements; path = QuotaWidgetApp.entitlements; sourceTree = "<group>"; };
		B9398C118DB4E4C01EAD2901 /* codex-app.png */ = {isa = PBXFileReference; lastKnownFileType = image.png; path = "codex-app.png"; sourceTree = "<group>"; };
		C4AF10191CE92902693285D9 /* AuthAndCredentialsTests.swift */ = {isa = PBXFileReference; lastKnownFileType = sourcecode.swift; path = AuthAndCredentialsTests.swift; sourceTree = "<group>"; };
		CA7A77F08C60E470A287BD31 /* OpenRouterAuth.swift */ = {isa = PBXFileReference; lastKnownFileType = sourcecode.swift; path = OpenRouterAuth.swift; sourceTree = "<group>"; };
		E928D1CB72EE1ED85B404C9C /* QuotaWidgetApp.app */ = {isa = PBXFileReference; explicitFileType = wrapper.application; includeInIndex = 0; path = QuotaWidgetApp.app; sourceTree = BUILT_PRODUCTS_DIR; };
		EBCEE7EF1C06A191DE5C4FAB /* AppConfigStore.swift */ = {isa = PBXFileReference; lastKnownFileType = sourcecode.swift; path = AppConfigStore.swift; sourceTree = "<group>"; };
		EBFB217753FA4BEDF084D65D /* openrouter.png */ = {isa = PBXFileReference; lastKnownFileType = image.png; path = openrouter.png; sourceTree = "<group>"; };
/* End PBXFileReference section */

/* Begin PBXGroup section */
		188B21B878136247204D3C41 /* App */ = {
			isa = PBXGroup;
			children = (
				809D8D69348687DB661CCEA0 /* AccountSettingsView.swift */,
				9CBA43F0FBB592202F55BCEE /* APIKeyStore.swift */,
				EBCEE7EF1C06A191DE5C4FAB /* AppConfigStore.swift */,
				238080F2F39302EA1E45C5DF /* ControlCenterView.swift */,
				5B596EF3A6AEF338EC8FE839 /* DisplayLayerStore.swift */,
				A43230D6E1D3182C7B1A0A4A /* DSHCredentials.swift */,
				84083F78F49E30915AB023A6 /* Info.plist */,
				CA7A77F08C60E470A287BD31 /* OpenRouterAuth.swift */,
				B5D60F94C30C7526C27AF788 /* QuotaWidgetApp.entitlements */,
				229A0EDB7D709A8D7C4867E8 /* QuotaWidgetApp.swift */,
				1969488132920951C77965F2 /* TouchBarSelection.swift */,
				4396386870ACF13B0387F84A /* UsageFetcher.swift */,
				4E7061C017A6970D1E105763 /* Resources */,
			);
			path = App;
			sourceTree = "<group>";
		};
		4E7061C017A6970D1E105763 /* Resources */ = {
			isa = PBXGroup;
			children = (
				9B050D347C435EF158B6A827 /* claude-app.png */,
				B9398C118DB4E4C01EAD2901 /* codex-app.png */,
				2C4361B6E33929E4DD88D669 /* deepseek.png */,
				44223C7F5519A35B5B26725B /* kimi-code.png */,
				EBFB217753FA4BEDF084D65D /* openrouter.png */,
				80CEFEB579C3E638B4793BD2 /* siliconflow.png */,
			);
			path = Resources;
			sourceTree = "<group>";
		};
		999EAC01D44EC8CDA4333603 = {
			isa = PBXGroup;
			children = (
				188B21B878136247204D3C41 /* App */,
				A8D2EC21817300E127FA90D8 /* Shared */,
				FB813D97305F2AA3159C7FC0 /* Tests */,
				B4F0467DCAB9B8F00D13233B /* Products */,
			);
			sourceTree = "<group>";
		};
		A8D2EC21817300E127FA90D8 /* Shared */ = {
			isa = PBXGroup;
			children = (
				8B5CDF4D8233F9FA6ABA439B /* UsageContract.swift */,
				9276ED3F8D8B5C21B74D7BA8 /* UsageStore.swift */,
			);
			path = Shared;
			sourceTree = "<group>";
		};
		B4F0467DCAB9B8F00D13233B /* Products */ = {
			isa = PBXGroup;
			children = (
				E928D1CB72EE1ED85B404C9C /* QuotaWidgetApp.app */,
				6AC74E158F9E7CF5C7A45A26 /* QuotaWidgetTests.xctest */,
			);
			name = Products;
			sourceTree = "<group>";
		};
		FB813D97305F2AA3159C7FC0 /* Tests */ = {
			isa = PBXGroup;
			children = (
				4F785DDA3D5D8D3265881EA5 /* APIKeyStoreTests.swift */,
				C4AF10191CE92902693285D9 /* AuthAndCredentialsTests.swift */,
				1B67C688DE1CE31949858A8F /* DisplayLayerStoreTests.swift */,
				12716B772FD09656FD18F526 /* TouchBarSelectionTests.swift */,
				7FB8541A0C552866932C346F /* UsageContractTests.swift */,
				10993021F1557349A9B061FA /* UsageStoreTests.swift */,
			);
			path = Tests;
			sourceTree = "<group>";
		};
/* End PBXGroup section */

/* Begin PBXNativeTarget section */
		337581018E781BBCF05A673C /* QuotaWidgetTests */ = {
			isa = PBXNativeTarget;
			buildConfigurationList = 674EA32C07795D476C4C75A3 /* Build configuration list for PBXNativeTarget "QuotaWidgetTests" */;
			buildPhases = (
				CF8C22E265BDD2FF99E38D32 /* Sources */,
			);
			buildRules = (
			);
			dependencies = (
				CCD05AB54665019E9C75E297 /* PBXTargetDependency */,
			);
			name = QuotaWidgetTests;
			packageProductDependencies = (
			);
			productName = QuotaWidgetTests;
			productReference = 6AC74E158F9E7CF5C7A45A26 /* QuotaWidgetTests.xctest */;
			productType = "com.apple.product-type.bundle.unit-test";
		};
		C99AE31F58827A8EE8B9C345 /* QuotaWidgetApp */ = {
			isa = PBXNativeTarget;
			buildConfigurationList = DE95DFC9566661B4DA446DBA /* Build configuration list for PBXNativeTarget "QuotaWidgetApp" */;
			buildPhases = (
				36893CAD1322C5810D2654EC /* Bundle shared Python core */,
				4B988FE49E5A3A17E2E0A62F /* Bundle Touch Bar frontend */,
				851324600138BA9D2C4032E4 /* Sources */,
				2E041847111BCF81DD908415 /* Resources */,
			);
			buildRules = (
			);
			dependencies = (
			);
			name = QuotaWidgetApp;
			packageProductDependencies = (
			);
			productName = QuotaWidgetApp;
			productReference = E928D1CB72EE1ED85B404C9C /* QuotaWidgetApp.app */;
			productType = "com.apple.product-type.application";
		};
/* End PBXNativeTarget section */

/* Begin PBXProject section */
		E0A403E7AF6C1CE32CD0A6E5 /* Project object */ = {
			isa = PBXProject;
			attributes = {
				BuildIndependentTargetsInParallel = YES;
				LastUpgradeCheck = 1430;
				TargetAttributes = {
					337581018E781BBCF05A673C = {
						ProvisioningStyle = Automatic;
					};
					C99AE31F58827A8EE8B9C345 = {
						ProvisioningStyle = Automatic;
					};
				};
			};
			buildConfigurationList = 78C17B66A2F234A36AF1088F /* Build configuration list for PBXProject "QuotaWidget" */;
			developmentRegion = en;
			hasScannedForEncodings = 0;
			knownRegions = (
				Base,
				en,
			);
			mainGroup = 999EAC01D44EC8CDA4333603;
			minimizedProjectReferenceProxies = 1;
			preferredProjectObjectVersion = 77;
			productRefGroup = B4F0467DCAB9B8F00D13233B /* Products */;
			projectDirPath = "";
			projectRoot = "";
			targets = (
				C99AE31F58827A8EE8B9C345 /* QuotaWidgetApp */,
				337581018E781BBCF05A673C /* QuotaWidgetTests */,
			);
		};
/* End PBXProject section */

/* Begin PBXResourcesBuildPhase section */
		2E041847111BCF81DD908415 /* Resources */ = {
			isa = PBXResourcesBuildPhase;
			buildActionMask = 2147483647;
			files = (
				E2F72F39CB54A614C7FE4569 /* claude-app.png in Resources */,
				3549281D77E6F25189060489 /* codex-app.png in Resources */,
				3493D48D5AA911364F7FE25D /* deepseek.png in Resources */,
				D8111F1E8B4097396AA5D67C /* kimi-code.png in Resources */,
				3F742887A1A253E730AFB4F1 /* openrouter.png in Resources */,
				45CAB94F2554CF0076FBA899 /* siliconflow.png in Resources */,
			);
			runOnlyForDeploymentPostprocessing = 0;
		};
/* End PBXResourcesBuildPhase section */

/* Begin PBXShellScriptBuildPhase section */
		36893CAD1322C5810D2654EC /* Bundle shared Python core */ = {
			isa = PBXShellScriptBuildPhase;
			alwaysOutOfDate = 1;
			buildActionMask = 2147483647;
			files = (
			);
			inputFileListPaths = (
			);
			inputPaths = (
			);
			name = "Bundle shared Python core";
			outputFileListPaths = (
			);
			outputPaths = (
			);
			runOnlyForDeploymentPostprocessing = 0;
			shellPath = /bin/sh;
			shellScript = "set -eu\nDESTINATION=\"${BUILT_PRODUCTS_DIR}/${UNLOCALIZED_RESOURCES_FOLDER_PATH}/core\"\nrm -rf \"$DESTINATION\"\nmkdir -p \"$DESTINATION\"\nditto \"${SRCROOT}/../core\" \"$DESTINATION\"\nfind \"$DESTINATION\" -type d -name __pycache__ -prune -exec rm -rf {} +\nfind \"$DESTINATION\" -type f -name '*.pyc' -delete\n";
		};
		4B988FE49E5A3A17E2E0A62F /* Bundle Touch Bar frontend */ = {
			isa = PBXShellScriptBuildPhase;
			alwaysOutOfDate = 1;
			buildActionMask = 2147483647;
			files = (
			);
			inputFileListPaths = (
			);
			inputPaths = (
			);
			name = "Bundle Touch Bar frontend";
			outputFileListPaths = (
			);
			outputPaths = (
			);
			runOnlyForDeploymentPostprocessing = 0;
			shellPath = /bin/sh;
			shellScript = "set -eu\nDESTINATION=\"${BUILT_PRODUCTS_DIR}/${UNLOCALIZED_RESOURCES_FOLDER_PATH}/display-layers\"\nrm -rf \"$DESTINATION\"\nmkdir -p \"$DESTINATION\"\nditto \"${SRCROOT}/../touchbar\" \"$DESTINATION/touchbar\"\nfind \"$DESTINATION\" -type d \\( -name __pycache__ -o -name .build -o -name build -o -name dist \\) -prune -exec rm -rf {} +\nfind \"$DESTINATION\" -type f \\( -name '*.pyc' -o -name '*.jsonl' \\) -delete\n";
		};
/* End PBXShellScriptBuildPhase section */

/* Begin PBXSourcesBuildPhase section */
		851324600138BA9D2C4032E4 /* Sources */ = {
			isa = PBXSourcesBuildPhase;
			buildActionMask = 2147483647;
			files = (
				74CD11898B71BE0D3AE73420 /* APIKeyStore.swift in Sources */,
				FA82E2D50AF1100A3871F9A1 /* AccountSettingsView.swift in Sources */,
				996E6998CA9340194DA5D802 /* AppConfigStore.swift in Sources */,
				58617DC6A19B5F6175E33C1B /* ControlCenterView.swift in Sources */,
				61E8A6DF49FA82433A5822BF /* DSHCredentials.swift in Sources */,
				A96F9CD44F0A5026F37907A6 /* DisplayLayerStore.swift in Sources */,
				185FE98FA44A4B90F2EE8EC3 /* OpenRouterAuth.swift in Sources */,
				5C2371AC688054088F1D331F /* QuotaWidgetApp.swift in Sources */,
				6959909C56418EA81FD3E01D /* TouchBarSelection.swift in Sources */,
				E1A9D102642B838CEC5E0AC2 /* UsageContract.swift in Sources */,
				572B5B2CDA0DED566F50C665 /* UsageFetcher.swift in Sources */,
				161768EE7688BF587E93623E /* UsageStore.swift in Sources */,
			);
			runOnlyForDeploymentPostprocessing = 0;
		};
		CF8C22E265BDD2FF99E38D32 /* Sources */ = {
			isa = PBXSourcesBuildPhase;
			buildActionMask = 2147483647;
			files = (
				D38192171F7B63332CC3F2E0 /* APIKeyStoreTests.swift in Sources */,
				C6DB4BA69495106AAE73446E /* AuthAndCredentialsTests.swift in Sources */,
				DF42FE2AF1438A232B506A84 /* DisplayLayerStoreTests.swift in Sources */,
				688565133A60319F9F476E56 /* TouchBarSelectionTests.swift in Sources */,
				05FAA991A1472BF40CDE5650 /* UsageContractTests.swift in Sources */,
				9F05509C9233DEA86E5D2475 /* UsageStoreTests.swift in Sources */,
			);
			runOnlyForDeploymentPostprocessing = 0;
		};
/* End PBXSourcesBuildPhase section */

/* Begin PBXTargetDependency section */
		CCD05AB54665019E9C75E297 /* PBXTargetDependency */ = {
			isa = PBXTargetDependency;
			target = C99AE31F58827A8EE8B9C345 /* QuotaWidgetApp */;
			targetProxy = 377395E94211AD1DD26ED6C6 /* PBXContainerItemProxy */;
		};
/* End PBXTargetDependency section */

/* Begin XCBuildConfiguration section */
		0FBF60049E4697A8AEECF6C0 /* Debug */ = {
			isa = XCBuildConfiguration;
			buildSettings = {
				BUNDLE_LOADER = "$(TEST_HOST)";
				COMBINE_HIDPI_IMAGES = YES;
				LD_RUNPATH_SEARCH_PATHS = (
					"$(inherited)",
					"@executable_path/../Frameworks",
					"@loader_path/../Frameworks",
				);
				PRODUCT_BUNDLE_IDENTIFIER = dev.lazyfoxy.QuotaWidget.tests;
				SDKROOT = macosx;
				TEST_HOST = "$(BUILT_PRODUCTS_DIR)/QuotaWidgetApp.app/Contents/MacOS/QuotaWidgetApp";
			};
			name = Debug;
		};
		397B8660472249E6191330BC /* Release */ = {
			isa = XCBuildConfiguration;
			buildSettings = {
				ASSETCATALOG_COMPILER_APPICON_NAME = AppIcon;
				CODE_SIGN_ENTITLEMENTS = App/QuotaWidgetApp.entitlements;
				COMBINE_HIDPI_IMAGES = YES;
				INFOPLIST_FILE = App/Info.plist;
				LD_RUNPATH_SEARCH_PATHS = (
					"$(inherited)",
					"@executable_path/../Frameworks",
				);
				PRODUCT_BUNDLE_IDENTIFIER = dev.lazyfoxy.QuotaWidget;
				SDKROOT = macosx;
			};
			name = Release;
		};
		68AA101132DD0B157FE3A53F /* Release */ = {
			isa = XCBuildConfiguration;
			buildSettings = {
				ALWAYS_SEARCH_USER_PATHS = NO;
				APP_GROUP_ID = group.dev.lazyfoxy.QuotaWidget;
				CLANG_ANALYZER_NONNULL = YES;
				CLANG_ANALYZER_NUMBER_OBJECT_CONVERSION = YES_AGGRESSIVE;
				CLANG_CXX_LANGUAGE_STANDARD = "gnu++14";
				CLANG_CXX_LIBRARY = "libc++";
				CLANG_ENABLE_MODULES = YES;
				CLANG_ENABLE_OBJC_ARC = YES;
				CLANG_ENABLE_OBJC_WEAK = YES;
				CLANG_WARN_BLOCK_CAPTURE_AUTORELEASING = YES;
				CLANG_WARN_BOOL_CONVERSION = YES;
				CLANG_WARN_COMMA = YES;
				CLANG_WARN_CONSTANT_CONVERSION = YES;
				CLANG_WARN_DEPRECATED_OBJC_IMPLEMENTATIONS = YES;
				CLANG_WARN_DIRECT_OBJC_ISA_USAGE = YES_ERROR;
				CLANG_WARN_DOCUMENTATION_COMMENTS = YES;
				CLANG_WARN_EMPTY_BODY = YES;
				CLANG_WARN_ENUM_CONVERSION = YES;
				CLANG_WARN_INFINITE_RECURSION = YES;
				CLANG_WARN_INT_CONVERSION = YES;
				CLANG_WARN_NON_LITERAL_NULL_CONVERSION = YES;
				CLANG_WARN_OBJC_IMPLICIT_RETAIN_SELF = YES;
				CLANG_WARN_OBJC_LITERAL_CONVERSION = YES;
				CLANG_WARN_OBJC_ROOT_CLASS = YES_ERROR;
				CLANG_WARN_QUOTED_INCLUDE_IN_FRAMEWORK_HEADER = YES;
				CLANG_WARN_RANGE_LOOP_ANALYSIS = YES;
				CLANG_WARN_STRICT_PROTOTYPES = YES;
				CLANG_WARN_SUSPICIOUS_MOVE = YES;
				CLANG_WARN_UNGUARDED_AVAILABILITY = YES_AGGRESSIVE;
				CLANG_WARN_UNREACHABLE_CODE = YES;
				CLANG_WARN__DUPLICATE_METHOD_MATCH = YES;
				CODE_SIGN_STYLE = Automatic;
				COPY_PHASE_STRIP = NO;
				DEBUG_INFORMATION_FORMAT = "dwarf-with-dsym";
				ENABLE_NS_ASSERTIONS = NO;
				ENABLE_STRICT_OBJC_MSGSEND = YES;
				GCC_C_LANGUAGE_STANDARD = gnu11;
				GCC_NO_COMMON_BLOCKS = YES;
				GCC_WARN_64_TO_32_BIT_CONVERSION = YES;
				GCC_WARN_ABOUT_RETURN_TYPE = YES_ERROR;
				GCC_WARN_UNDECLARED_SELECTOR = YES;
				GCC_WARN_UNINITIALIZED_AUTOS = YES_AGGRESSIVE;
				GCC_WARN_UNUSED_FUNCTION = YES;
				GCC_WARN_UNUSED_VARIABLE = YES;
				MACOSX_DEPLOYMENT_TARGET = 14.0;
				MTL_ENABLE_DEBUG_INFO = NO;
				MTL_FAST_MATH = YES;
				PRODUCT_NAME = "$(TARGET_NAME)";
				SDKROOT = macosx;
				SWIFT_COMPILATION_MODE = wholemodule;
				SWIFT_OPTIMIZATION_LEVEL = "-O";
				SWIFT_VERSION = 6.0;
			};
			name = Release;
		};
		9F98FF49EABE6C634C7E81EE /* Debug */ = {
			isa = XCBuildConfiguration;
			buildSettings = {
				ALWAYS_SEARCH_USER_PATHS = NO;
				APP_GROUP_ID = group.dev.lazyfoxy.QuotaWidget;
				CLANG_ANALYZER_NONNULL = YES;
				CLANG_ANALYZER_NUMBER_OBJECT_CONVERSION = YES_AGGRESSIVE;
				CLANG_CXX_LANGUAGE_STANDARD = "gnu++14";
				CLANG_CXX_LIBRARY = "libc++";
				CLANG_ENABLE_MODULES = YES;
				CLANG_ENABLE_OBJC_ARC = YES;
				CLANG_ENABLE_OBJC_WEAK = YES;
				CLANG_WARN_BLOCK_CAPTURE_AUTORELEASING = YES;
				CLANG_WARN_BOOL_CONVERSION = YES;
				CLANG_WARN_COMMA = YES;
				CLANG_WARN_CONSTANT_CONVERSION = YES;
				CLANG_WARN_DEPRECATED_OBJC_IMPLEMENTATIONS = YES;
				CLANG_WARN_DIRECT_OBJC_ISA_USAGE = YES_ERROR;
				CLANG_WARN_DOCUMENTATION_COMMENTS = YES;
				CLANG_WARN_EMPTY_BODY = YES;
				CLANG_WARN_ENUM_CONVERSION = YES;
				CLANG_WARN_INFINITE_RECURSION = YES;
				CLANG_WARN_INT_CONVERSION = YES;
				CLANG_WARN_NON_LITERAL_NULL_CONVERSION = YES;
				CLANG_WARN_OBJC_IMPLICIT_RETAIN_SELF = YES;
				CLANG_WARN_OBJC_LITERAL_CONVERSION = YES;
				CLANG_WARN_OBJC_ROOT_CLASS = YES_ERROR;
				CLANG_WARN_QUOTED_INCLUDE_IN_FRAMEWORK_HEADER = YES;
				CLANG_WARN_RANGE_LOOP_ANALYSIS = YES;
				CLANG_WARN_STRICT_PROTOTYPES = YES;
				CLANG_WARN_SUSPICIOUS_MOVE = YES;
				CLANG_WARN_UNGUARDED_AVAILABILITY = YES_AGGRESSIVE;
				CLANG_WARN_UNREACHABLE_CODE = YES;
				CLANG_WARN__DUPLICATE_METHOD_MATCH = YES;
				CODE_SIGN_STYLE = Automatic;
				COPY_PHASE_STRIP = NO;
				DEBUG_INFORMATION_FORMAT = dwarf;
				ENABLE_STRICT_OBJC_MSGSEND = YES;
				ENABLE_TESTABILITY = YES;
				GCC_C_LANGUAGE_STANDARD = gnu11;
				GCC_DYNAMIC_NO_PIC = NO;
				GCC_NO_COMMON_BLOCKS = YES;
				GCC_OPTIMIZATION_LEVEL = 0;
				GCC_PREPROCESSOR_DEFINITIONS = (
					"$(inherited)",
					"DEBUG=1",
				);
				GCC_WARN_64_TO_32_BIT_CONVERSION = YES;
				GCC_WARN_ABOUT_RETURN_TYPE = YES_ERROR;
				GCC_WARN_UNDECLARED_SELECTOR = YES;
				GCC_WARN_UNINITIALIZED_AUTOS = YES_AGGRESSIVE;
				GCC_WARN_UNUSED_FUNCTION = YES;
				GCC_WARN_UNUSED_VARIABLE = YES;
				MACOSX_DEPLOYMENT_TARGET = 14.0;
				MTL_ENABLE_DEBUG_INFO = INCLUDE_SOURCE;
				MTL_FAST_MATH = YES;
				ONLY_ACTIVE_ARCH = YES;
				PRODUCT_NAME = "$(TARGET_NAME)";
				SDKROOT = macosx;
				SWIFT_ACTIVE_COMPILATION_CONDITIONS = DEBUG;
				SWIFT_OPTIMIZATION_LEVEL = "-Onone";
				SWIFT_VERSION = 6.0;
			};
			name = Debug;
		};
		CD73593965B25D7B6F77C85C /* Debug */ = {
			isa = XCBuildConfiguration;
			buildSettings = {
				ASSETCATALOG_COMPILER_APPICON_NAME = AppIcon;
				CODE_SIGN_ENTITLEMENTS = App/QuotaWidgetApp.entitlements;
				COMBINE_HIDPI_IMAGES = YES;
				INFOPLIST_FILE = App/Info.plist;
				LD_RUNPATH_SEARCH_PATHS = (
					"$(inherited)",
					"@executable_path/../Frameworks",
				);
				PRODUCT_BUNDLE_IDENTIFIER = dev.lazyfoxy.QuotaWidget;
				SDKROOT = macosx;
			};
			name = Debug;
		};
		ED520D37163E286E659D785C /* Release */ = {
			isa = XCBuildConfiguration;
			buildSettings = {
				BUNDLE_LOADER = "$(TEST_HOST)";
				COMBINE_HIDPI_IMAGES = YES;
				LD_RUNPATH_SEARCH_PATHS = (
					"$(inherited)",
					"@executable_path/../Frameworks",
					"@loader_path/../Frameworks",
				);
				PRODUCT_BUNDLE_IDENTIFIER = dev.lazyfoxy.QuotaWidget.tests;
				SDKROOT = macosx;
				TEST_HOST = "$(BUILT_PRODUCTS_DIR)/QuotaWidgetApp.app/Contents/MacOS/QuotaWidgetApp";
			};
			name = Release;
		};
/* End XCBuildConfiguration section */

/* Begin XCConfigurationList section */
		674EA32C07795D476C4C75A3 /* Build configuration list for PBXNativeTarget "QuotaWidgetTests" */ = {
			isa = XCConfigurationList;
			buildConfigurations = (
				0FBF60049E4697A8AEECF6C0 /* Debug */,
				ED520D37163E286E659D785C /* Release */,
			);
			defaultConfigurationIsVisible = 0;
			defaultConfigurationName = Debug;
		};
		78C17B66A2F234A36AF1088F /* Build configuration list for PBXProject "QuotaWidget" */ = {
			isa = XCConfigurationList;
			buildConfigurations = (
				9F98FF49EABE6C634C7E81EE /* Debug */,
				68AA101132DD0B157FE3A53F /* Release */,
			);
			defaultConfigurationIsVisible = 0;
			defaultConfigurationName = Debug;
		};
		DE95DFC9566661B4DA446DBA /* Build configuration list for PBXNativeTarget "QuotaWidgetApp" */ = {
			isa = XCConfigurationList;
			buildConfigurations = (
				CD73593965B25D7B6F77C85C /* Debug */,
				397B8660472249E6191330BC /* Release */,
			);
			defaultConfigurationIsVisible = 0;
			defaultConfigurationName = Debug;
		};
/* End XCConfigurationList section */
	};
	rootObject = E0A403E7AF6C1CE32CD0A6E5 /* Project object */;
}
